<?xml version="1.0" encoding="utf-8"?>
<Project ToolsVersion="17.0" xmlns="http://schemas.microsoft.com/developer/msbuild/2003">
  <ItemGroup>
    <ClCompile Include="C:\Users\David\Work\Projects\Paper\SAFT\code\code\cpp\src\solver.cpp">
      <Filter>Source Files</Filter>
    </ClCompile>
  </ItemGroup>
  <ItemGroup>
    <CustomBuild Include="C:\Users\David\Work\Projects\Paper\SAFT\code\code\cpp\CMakeLists.txt" />
  </ItemGroup>
  <ItemGroup>
    <Filter Include="Source Files">
      <UniqueIdentifier>{685C30E3-ECF5-3E99-BF72-730F99BCBA17}</UniqueIdentifier>
    </Filter>
  </ItemGroup>
</Project>
